
Microsoft Visual Studio Solution File, Format Version 12.00
# Visual Studio 2012
Project("{FAE04EC0-301F-11D3-BF4B-00C04F79EFBC}") = "SampleDotNet1.iOS", "iOS\SampleDotNet1.iOS.csproj", "{C7BE2986-0A60-40C7-9CCC-258EAD71B032}"
EndProject
Project("{FAE04EC0-301F-11D3-BF4B-00C04F79EFBC}") = "SampleDotNet1.Droid", "Droid\SampleDotNet1.Droid.csproj", "{35EB02C1-9F0D-415A-8714-A296825916D4}"
EndProject
Project("{FAE04EC0-301F-11D3-BF4B-00C04F79EFBC}") = "SampleDotNet1", "DotNet1\SampleDotNet1.csproj", "{55020103-657F-4FC1-A587-B4A7E3381F2E}"
EndProject
Global
	GlobalSection(SolutionConfigurationPlatforms) = preSolution
		Debug|Any CPU = Debug|Any CPU
		Release|Any CPU = Release|Any CPU
		Debug|iPhoneSimulator = Debug|iPhoneSimulator
		Release|iPhone = Release|iPhone
		Release|iPhoneSimulator = Release|iPhoneSimulator
		Debug|iPhone = Debug|iPhone
	EndGlobalSection
	GlobalSection(ProjectConfigurationPlatforms) = postSolution
		{C7BE2986-0A60-40C7-9CCC-258EAD71B032}.Debug|Any CPU.ActiveCfg = Debug|iPhoneSimulator
		{C7BE2986-0A60-40C7-9CCC-258EAD71B032}.Debug|Any CPU.Build.0 = Debug|iPhoneSimulator
		{C7BE2986-0A60-40C7-9CCC-258EAD71B032}.Release|Any CPU.ActiveCfg = Release|iPhone
		{C7BE2986-0A60-40C7-9CCC-258EAD71B032}.Release|Any CPU.Build.0 = Release|iPhone
		{C7BE2986-0A60-40C7-9CCC-258EAD71B032}.Debug|iPhoneSimulator.ActiveCfg = Debug|iPhoneSimulator
		{C7BE2986-0A60-40C7-9CCC-258EAD71B032}.Debug|iPhoneSimulator.Build.0 = Debug|iPhoneSimulator
		{C7BE2986-0A60-40C7-9CCC-258EAD71B032}.Release|iPhone.ActiveCfg = Release|iPhone
		{C7BE2986-0A60-40C7-9CCC-258EAD71B032}.Release|iPhone.Build.0 = Release|iPhone
		{C7BE2986-0A60-40C7-9CCC-258EAD71B032}.Release|iPhoneSimulator.ActiveCfg = Release|iPhoneSimulator
		{C7BE2986-0A60-40C7-9CCC-258EAD71B032}.Release|iPhoneSimulator.Build.0 = Release|iPhoneSimulator
		{C7BE2986-0A60-40C7-9CCC-258EAD71B032}.Debug|iPhone.ActiveCfg = Debug|iPhone
		{C7BE2986-0A60-40C7-9CCC-258EAD71B032}.Debug|iPhone.Build.0 = Debug|iPhone
		{35EB02C1-9F0D-415A-8714-A296825916D4}.Debug|Any CPU.ActiveCfg = Debug|Any CPU
		{35EB02C1-9F0D-415A-8714-A296825916D4}.Debug|Any CPU.Build.0 = Debug|Any CPU
		{35EB02C1-9F0D-415A-8714-A296825916D4}.Release|Any CPU.ActiveCfg = Release|Any CPU
		{35EB02C1-9F0D-415A-8714-A296825916D4}.Release|Any CPU.Build.0 = Release|Any CPU
		{35EB02C1-9F0D-415A-8714-A296825916D4}.Debug|iPhoneSimulator.ActiveCfg = Debug|Any CPU
		{35EB02C1-9F0D-415A-8714-A296825916D4}.Debug|iPhoneSimulator.Build.0 = Debug|Any CPU
		{35EB02C1-9F0D-415A-8714-A296825916D4}.Release|iPhone.ActiveCfg = Release|Any CPU
		{35EB02C1-9F0D-415A-8714-A296825916D4}.Release|iPhone.Build.0 = Release|Any CPU
		{35EB02C1-9F0D-415A-8714-A296825916D4}.Release|iPhoneSimulator.ActiveCfg = Release|Any CPU
		{35EB02C1-9F0D-415A-8714-A296825916D4}.Release|iPhoneSimulator.Build.0 = Release|Any CPU
		{35EB02C1-9F0D-415A-8714-A296825916D4}.Debug|iPhone.ActiveCfg = Debug|Any CPU
		{35EB02C1-9F0D-415A-8714-A296825916D4}.Debug|iPhone.Build.0 = Debug|Any CPU
		{55020103-657F-4FC1-A587-B4A7E3381F2E}.Debug|Any CPU.ActiveCfg = Debug|Any CPU
		{55020103-657F-4FC1-A587-B4A7E3381F2E}.Debug|Any CPU.Build.0 = Debug|Any CPU
		{55020103-657F-4FC1-A587-B4A7E3381F2E}.Release|Any CPU.ActiveCfg = Release|Any CPU
		{55020103-657F-4FC1-A587-B4A7E3381F2E}.Release|Any CPU.Build.0 = Release|Any CPU
		{55020103-657F-4FC1-A587-B4A7E3381F2E}.Debug|iPhoneSimulator.ActiveCfg = Debug|Any CPU
		{55020103-657F-4FC1-A587-B4A7E3381F2E}.Debug|iPhoneSimulator.Build.0 = Debug|Any CPU
		{55020103-657F-4FC1-A587-B4A7E3381F2E}.Release|iPhone.ActiveCfg = Release|Any CPU
		{55020103-657F-4FC1-A587-B4A7E3381F2E}.Release|iPhone.Build.0 = Release|Any CPU
		{55020103-657F-4FC1-A587-B4A7E3381F2E}.Release|iPhoneSimulator.ActiveCfg = Release|Any CPU
		{55020103-657F-4FC1-A587-B4A7E3381F2E}.Release|iPhoneSimulator.Build.0 = Release|Any CPU
		{55020103-657F-4FC1-A587-B4A7E3381F2E}.Debug|iPhone.ActiveCfg = Debug|Any CPU
		{55020103-657F-4FC1-A587-B4A7E3381F2E}.Debug|iPhone.Build.0 = Debug|Any CPU
	EndGlobalSection
EndGlobal
